
Microsoft Visual Studio Solution File, Format Version 12.00
# Visual Studio Version 17
VisualStudioVersion = 17.12.35527.113
MinimumVisualStudioVersion = 10.0.40219.1
Project("{FAE04EC0-301F-11D3-BF4B-00C04F79EFBC}") = "AppointmentsManager", "src\ControleFinancas\AppointmentsManager.csproj", "{CCA186E8-8F64-4299-9EE4-ADEEF10B9FD2}"
EndProject
Project("{FAE04EC0-301F-11D3-BF4B-00C04F79EFBC}") = "AppointmentsManager.Test", "src\AppointmentsManager.Teste\AppointmentsManager.Teste\AppointmentsManager.Test.csproj", "{A22CDC67-AAFF-4949-A292-26A63315874F}"
EndProject
Global
	GlobalSection(SolutionConfigurationPlatforms) = preSolution
		Debug|Any CPU = Debug|Any CPU
		Release|Any CPU = Release|Any CPU
	EndGlobalSection
	GlobalSection(ProjectConfigurationPlatforms) = postSolution
		{CCA186E8-8F64-4299-9EE4-ADEEF10B9FD2}.Debug|Any CPU.ActiveCfg = Debug|Any CPU
		{CCA186E8-8F64-4299-9EE4-ADEEF10B9FD2}.Debug|Any CPU.Build.0 = Debug|Any CPU
		{CCA186E8-8F64-4299-9EE4-ADEEF10B9FD2}.Release|Any CPU.ActiveCfg = Release|Any CPU
		{CCA186E8-8F64-4299-9EE4-ADEEF10B9FD2}.Release|Any CPU.Build.0 = Release|Any CPU
		{A22CDC67-AAFF-4949-A292-26A63315874F}.Debug|Any CPU.ActiveCfg = Debug|Any CPU
		{A22CDC67-AAFF-4949-A292-26A63315874F}.Debug|Any CPU.Build.0 = Debug|Any CPU
		{A22CDC67-AAFF-4949-A292-26A63315874F}.Release|Any CPU.ActiveCfg = Release|Any CPU
		{A22CDC67-AAFF-4949-A292-26A63315874F}.Release|Any CPU.Build.0 = Release|Any CPU
	EndGlobalSection
	GlobalSection(SolutionProperties) = preSolution
		HideSolutionNode = FALSE
	EndGlobalSection
EndGlobal
